
Microsoft Visual Studio Solution File, Format Version 12.00
# Visual Studio 14
VisualStudioVersion = 14.0.23107.0
MinimumVisualStudioVersion = 10.0.40219.1
Project("{FAE04EC0-301F-11D3-BF4B-00C04F79EFBC}") = "MultiServiceMessengerApp", "MultiServiceMessengerApp\MultiServiceMessengerApp.csproj", "{CAC94BB3-5DC7-4CA2-A893-65EF77C5C20C}"
	ProjectSection(ProjectDependencies) = postProject
		{A9001968-F051-4067-8E1B-684A7A04DFF9} = {A9001968-F051-4067-8E1B-684A7A04DFF9}
	EndProjectSection
EndProject
Project("{FAE04EC0-301F-11D3-BF4B-00C04F79EFBC}") = "Common", "Common\Common.csproj", "{147E32C8-2E2D-4F6C-A6B1-C71AA12C8E28}"
EndProject
Project("{FAE04EC0-301F-11D3-BF4B-00C04F79EFBC}") = "WcfMessengerService", "WcfMessengerService\WcfMessengerService.csproj", "{A9001968-F051-4067-8E1B-684A7A04DFF9}"
EndProject
Project("{FAE04EC0-301F-11D3-BF4B-00C04F79EFBC}") = "RestMessengerService", "RestMessengerService\RestMessengerService.csproj", "{0ECACB6F-DC2E-4EC6-9F76-03DD52151DD8}"
EndProject
Global
	GlobalSection(SolutionConfigurationPlatforms) = preSolution
		Debug|Any CPU = Debug|Any CPU
		Release|Any CPU = Release|Any CPU
	EndGlobalSection
	GlobalSection(ProjectConfigurationPlatforms) = postSolution
		{CAC94BB3-5DC7-4CA2-A893-65EF77C5C20C}.Debug|Any CPU.ActiveCfg = Debug|Any CPU
		{CAC94BB3-5DC7-4CA2-A893-65EF77C5C20C}.Debug|Any CPU.Build.0 = Debug|Any CPU
		{CAC94BB3-5DC7-4CA2-A893-65EF77C5C20C}.Release|Any CPU.ActiveCfg = Release|Any CPU
		{CAC94BB3-5DC7-4CA2-A893-65EF77C5C20C}.Release|Any CPU.Build.0 = Release|Any CPU
		{147E32C8-2E2D-4F6C-A6B1-C71AA12C8E28}.Debug|Any CPU.ActiveCfg = Debug|Any CPU
		{147E32C8-2E2D-4F6C-A6B1-C71AA12C8E28}.Debug|Any CPU.Build.0 = Debug|Any CPU
		{147E32C8-2E2D-4F6C-A6B1-C71AA12C8E28}.Release|Any CPU.ActiveCfg = Release|Any CPU
		{147E32C8-2E2D-4F6C-A6B1-C71AA12C8E28}.Release|Any CPU.Build.0 = Release|Any CPU
		{A9001968-F051-4067-8E1B-684A7A04DFF9}.Debug|Any CPU.ActiveCfg = Debug|Any CPU
		{A9001968-F051-4067-8E1B-684A7A04DFF9}.Debug|Any CPU.Build.0 = Debug|Any CPU
		{A9001968-F051-4067-8E1B-684A7A04DFF9}.Release|Any CPU.ActiveCfg = Release|Any CPU
		{A9001968-F051-4067-8E1B-684A7A04DFF9}.Release|Any CPU.Build.0 = Release|Any CPU
		{0ECACB6F-DC2E-4EC6-9F76-03DD52151DD8}.Debug|Any CPU.ActiveCfg = Debug|Any CPU
		{0ECACB6F-DC2E-4EC6-9F76-03DD52151DD8}.Debug|Any CPU.Build.0 = Debug|Any CPU
		{0ECACB6F-DC2E-4EC6-9F76-03DD52151DD8}.Release|Any CPU.ActiveCfg = Release|Any CPU
		{0ECACB6F-DC2E-4EC6-9F76-03DD52151DD8}.Release|Any CPU.Build.0 = Release|Any CPU
	EndGlobalSection
	GlobalSection(SolutionProperties) = preSolution
		HideSolutionNode = FALSE
	EndGlobalSection
EndGlobal
